Microsoft Visual Studio Solution File, Format Version 12.00
# Visual Studio Version 17
VisualStudioVersion = 17.5.2.0
MinimumVisualStudioVersion = 10.0.40219.1
Project("{FAE04EC0-301F-11D3-BF4B-00C04F79EFBC}") = "laberintoNet25", "laberintoNet25.csproj", "{6FF5F8B8-552F-C6A1-3EEA-EA1232120707}"
EndProject
Global
	GlobalSection(SolutionConfigurationPlatforms) = preSolution
		Debug|Any CPU = Debug|Any CPU
		Release|Any CPU = Release|Any CPU
	EndGlobalSection
	GlobalSection(ProjectConfigurationPlatforms) = postSolution
		{6FF5F8B8-552F-C6A1-3EEA-EA1232120707}.Debug|Any CPU.ActiveCfg = Debug|Any CPU
		{6FF5F8B8-552F-C6A1-3EEA-EA1232120707}.Debug|Any CPU.Build.0 = Debug|Any CPU
		{6FF5F8B8-552F-C6A1-3EEA-EA1232120707}.Release|Any CPU.ActiveCfg = Release|Any CPU
		{6FF5F8B8-552F-C6A1-3EEA-EA1232120707}.Release|Any CPU.Build.0 = Release|Any CPU
	EndGlobalSection
	GlobalSection(SolutionProperties) = preSolution
		HideSolutionNode = FALSE
	EndGlobalSection
	GlobalSection(ExtensibilityGlobals) = postSolution
		SolutionGuid = {06719898-A319-4939-A324-5849F9337558}
	EndGlobalSection
EndGlobal
